
Microsoft Visual Studio Solution File, Format Version 12.00
# Visual Studio Version 16
VisualStudioVersion = 16.0.29306.81
MinimumVisualStudioVersion = 10.0.40219.1
Project("{9A19103F-16F7-4668-BE54-9A1E7A4F7556}") = "SimpleAds", "Simple Ads\SimpleAds.csproj", "{7C7F8CCB-CE65-4859-BED1-C11CBFED24B0}"
EndProject
Project("{9A19103F-16F7-4668-BE54-9A1E7A4F7556}") = "SimpleAds.Data", "SimpleAds.Data\SimpleAds.Data.csproj", "{9A5CE79F-09FA-4550-84A6-F2D3CE958D18}"
EndProject
Global
	GlobalSection(SolutionConfigurationPlatforms) = preSolution
		Debug|Any CPU = Debug|Any CPU
		Release|Any CPU = Release|Any CPU
	EndGlobalSection
	GlobalSection(ProjectConfigurationPlatforms) = postSolution
		{7C7F8CCB-CE65-4859-BED1-C11CBFED24B0}.Debug|Any CPU.ActiveCfg = Debug|Any CPU
		{7C7F8CCB-CE65-4859-BED1-C11CBFED24B0}.Debug|Any CPU.Build.0 = Debug|Any CPU
		{7C7F8CCB-CE65-4859-BED1-C11CBFED24B0}.Release|Any CPU.ActiveCfg = Release|Any CPU
		{7C7F8CCB-CE65-4859-BED1-C11CBFED24B0}.Release|Any CPU.Build.0 = Release|Any CPU
		{9A5CE79F-09FA-4550-84A6-F2D3CE958D18}.Debug|Any CPU.ActiveCfg = Debug|Any CPU
		{9A5CE79F-09FA-4550-84A6-F2D3CE958D18}.Debug|Any CPU.Build.0 = Debug|Any CPU
		{9A5CE79F-09FA-4550-84A6-F2D3CE958D18}.Release|Any CPU.ActiveCfg = Release|Any CPU
		{9A5CE79F-09FA-4550-84A6-F2D3CE958D18}.Release|Any CPU.Build.0 = Release|Any CPU
	EndGlobalSection
	GlobalSection(SolutionProperties) = preSolution
		HideSolutionNode = FALSE
	EndGlobalSection
	GlobalSection(ExtensibilityGlobals) = postSolution
		SolutionGuid = {8C036E5F-A313-4286-B2D8-3A32A69ECD50}
	EndGlobalSection
EndGlobal
